// !$*UTF8*$!
{
	archiveVersion = 1;
	classes = {
	};
	objectVersion = 56;
	objects = {

/* Begin PBXBuildFile section */
		D32E85BD29D2B7C100F67C23 /* FeedViewController.swift in Sources */ = {isa = PBXBuildFile; fileRef = D32E85BC29D2B7C100F67C23 /* FeedViewController.swift */; };
		D32E85BF29D2B7D000F67C23 /* SettingsViewController.swift in Sources */ = {isa = PBXBuildFile; fileRef = D32E85BE29D2B7D000F67C23 /* SettingsViewController.swift */; };
		D32E85C129D2B7E800F67C23 /* UploadViewController.swift in Sources */ = {isa = PBXBuildFile; fileRef = D32E85C029D2B7E800F67C23 /* UploadViewController.swift */; };
		D359BF5029D228E100E2DB80 /* AppDelegate.swift in Sources */ = {isa = PBXBuildFile; fileRef = D359BF4F29D228E100E2DB80 /* AppDelegate.swift */; };
		D359BF5229D228E100E2DB80 /* SceneDelegate.swift in Sources */ = {isa = PBXBuildFile; fileRef = D359BF5129D228E100E2DB80 /* SceneDelegate.swift */; };
		D359BF5429D228E100E2DB80 /* ViewController.swift in Sources */ = {isa = PBXBuildFile; fileRef = D359BF5329D228E100E2DB80 /* ViewController.swift */; };
		D359BF5729D228E100E2DB80 /* Main.storyboard in Resources */ = {isa = PBXBuildFile; fileRef = D359BF5529D228E100E2DB80 /* Main.storyboard */; };
		D359BF5929D228E200E2DB80 /* Assets.xcassets in Resources */ = {isa = PBXBuildFile; fileRef = D359BF5829D228E200E2DB80 /* Assets.xcassets */; };
		D359BF5C29D228E200E2DB80 /* LaunchScreen.storyboard in Resources */ = {isa = PBXBuildFile; fileRef = D359BF5A29D228E200E2DB80 /* LaunchScreen.storyboard */; };
		D3685F0529E579F70043A3F0 /* FeedCell.swift in Sources */ = {isa = PBXBuildFile; fileRef = D3685F0429E579F70043A3F0 /* FeedCell.swift */; };
		D39AF5C529D233FC00E14AA0 /* GoogleService-Info.plist in Resources */ = {isa = PBXBuildFile; fileRef = D39AF5C429D233FC00E14AA0 /* GoogleService-Info.plist */; };
		D3FE30DF29E0ACC900279758 /* FirebaseAnalytics in Frameworks */ = {isa = PBXBuildFile; productRef = D3FE30DE29E0ACC900279758 /* FirebaseAnalytics */; };
		D3FE30E129E0ACC900279758 /* FirebaseAnalyticsOnDeviceConversion in Frameworks */ = {isa = PBXBuildFile; productRef = D3FE30E029E0ACC900279758 /* FirebaseAnalyticsOnDeviceConversion */; };
		D3FE30E329E0ACC900279758 /* FirebaseAnalyticsSwift in Frameworks */ = {isa = PBXBuildFile; productRef = D3FE30E229E0ACC900279758 /* FirebaseAnalyticsSwift */; };
		D3FE30E529E0ACC900279758 /* FirebaseAnalyticsWithoutAdIdSupport in Frameworks */ = {isa = PBXBuildFile; productRef = D3FE30E429E0ACC900279758 /* FirebaseAnalyticsWithoutAdIdSupport */; };
		D3FE30E729E0ACC900279758 /* FirebaseAppCheck in Frameworks */ = {isa = PBXBuildFile; productRef = D3FE30E629E0ACC900279758 /* FirebaseAppCheck */; };
		D3FE30E929E0ACC900279758 /* FirebaseAppDistribution-Beta in Frameworks */ = {isa = PBXBuildFile; productRef = D3FE30E829E0ACC900279758 /* FirebaseAppDistribution-Beta */; };
		D3FE30EB29E0ACC900279758 /* FirebaseAuth in Frameworks */ = {isa = PBXBuildFile; productRef = D3FE30EA29E0ACC900279758 /* FirebaseAuth */; };
		D3FE30ED29E0ACC900279758 /* FirebaseAuthCombine-Community in Frameworks */ = {isa = PBXBuildFile; productRef = D3FE30EC29E0ACC900279758 /* FirebaseAuthCombine-Community */; };
		D3FE30EF29E0ACC900279758 /* FirebaseCrashlytics in Frameworks */ = {isa = PBXBuildFile; productRef = D3FE30EE29E0ACC900279758 /* FirebaseCrashlytics */; };
		D3FE30F129E0ACC900279758 /* FirebaseDatabase in Frameworks */ = {isa = PBXBuildFile; productRef = D3FE30F029E0ACC900279758 /* FirebaseDatabase */; };
		D3FE30F329E0ACC900279758 /* FirebaseDatabaseSwift in Frameworks */ = {isa = PBXBuildFile; productRef = D3FE30F229E0ACC900279758 /* FirebaseDatabaseSwift */; };
		D3FE30F529E0ACC900279758 /* FirebaseDynamicLinks in Frameworks */ = {isa = PBXBuildFile; productRef = D3FE30F429E0ACC900279758 /* FirebaseDynamicLinks */; };
		D3FE30F729E0ACC900279758 /* FirebaseFirestore in Frameworks */ = {isa = PBXBuildFile; productRef = D3FE30F629E0ACC900279758 /* FirebaseFirestore */; };
		D3FE30F929E0ACC900279758 /* FirebaseFirestoreCombine-Community in Frameworks */ = {isa = PBXBuildFile; productRef = D3FE30F829E0ACC900279758 /* FirebaseFirestoreCombine-Community */; };
		D3FE30FB29E0ACC900279758 /* FirebaseFirestoreSwift in Frameworks */ = {isa = PBXBuildFile; productRef = D3FE30FA29E0ACC900279758 /* FirebaseFirestoreSwift */; };
		D3FE30FD29E0ACC900279758 /* FirebaseFunctions in Frameworks */ = {isa = PBXBuildFile; productRef = D3FE30FC29E0ACC900279758 /* FirebaseFunctions */; };
		D3FE30FF29E0ACC900279758 /* FirebaseFunctionsCombine-Community in Frameworks */ = {isa = PBXBuildFile; productRef = D3FE30FE29E0ACC900279758 /* FirebaseFunctionsCombine-Community */; };
		D3FE310129E0ACC900279758 /* FirebaseInAppMessaging-Beta in Frameworks */ = {isa = PBXBuildFile; productRef = D3FE310029E0ACC900279758 /* FirebaseInAppMessaging-Beta */; };
		D3FE310329E0ACC900279758 /* FirebaseInAppMessagingSwift-Beta in Frameworks */ = {isa = PBXBuildFile; productRef = D3FE310229E0ACC900279758 /* FirebaseInAppMessagingSwift-Beta */; };
		D3FE310529E0ACC900279758 /* FirebaseInstallations in Frameworks */ = {isa = PBXBuildFile; productRef = D3FE310429E0ACC900279758 /* FirebaseInstallations */; };
		D3FE310729E0ACC900279758 /* FirebaseMLModelDownloader in Frameworks */ = {isa = PBXBuildFile; productRef = D3FE310629E0ACC900279758 /* FirebaseMLModelDownloader */; };
		D3FE310929E0ACC900279758 /* FirebaseMessaging in Frameworks */ = {isa = PBXBuildFile; productRef = D3FE310829E0ACC900279758 /* FirebaseMessaging */; };
		D3FE310B29E0ACC900279758 /* FirebasePerformance in Frameworks */ = {isa = PBXBuildFile; productRef = D3FE310A29E0ACC900279758 /* FirebasePerformance */; };
		D3FE310D29E0ACC900279758 /* FirebaseRemoteConfig in Frameworks */ = {isa = PBXBuildFile; productRef = D3FE310C29E0ACC900279758 /* FirebaseRemoteConfig */; };
		D3FE310F29E0ACC900279758 /* FirebaseRemoteConfigSwift in Frameworks */ = {isa = PBXBuildFile; productRef = D3FE310E29E0ACC900279758 /* FirebaseRemoteConfigSwift */; };
		D3FE311129E0ACC900279758 /* FirebaseStorage in Frameworks */ = {isa = PBXBuildFile; productRef = D3FE311029E0ACC900279758 /* FirebaseStorage */; };
		D3FE311329E0ACC900279758 /* FirebaseStorageCombine-Community in Frameworks */ = {isa = PBXBuildFile; productRef = D3FE311229E0ACC900279758 /* FirebaseStorageCombine-Community */; };
/* End PBXBuildFile section */

/* Begin PBXFileReference section */
		D32E85BC29D2B7C100F67C23 /* FeedViewController.swift */ = {isa = PBXFileReference; lastKnownFileType = sourcecode.swift; path = FeedViewController.swift; sourceTree = "<group>"; };
		D32E85BE29D2B7D000F67C23 /* SettingsViewController.swift */ = {isa = PBXFileReference; lastKnownFileType = sourcecode.swift; path = SettingsViewController.swift; sourceTree = "<group>"; };
		D32E85C029D2B7E800F67C23 /* UploadViewController.swift */ = {isa = PBXFileReference; lastKnownFileType = sourcecode.swift; path = UploadViewController.swift; sourceTree = "<group>"; };
		D359BF4C29D228E100E2DB80 /* InstaCloneApp.app */ = {isa = PBXFileReference; explicitFileType = wrapper.application; includeInIndex = 0; path = InstaCloneApp.app; sourceTree = BUILT_PRODUCTS_DIR; };
		D359BF4F29D228E100E2DB80 /* AppDelegate.swift */ = {isa = PBXFileReference; lastKnownFileType = sourcecode.swift; path = AppDelegate.swift; sourceTree = "<group>"; };
		D359BF5129D228E100E2DB80 /* SceneDelegate.swift */ = {isa = PBXFileReference; lastKnownFileType = sourcecode.swift; path = SceneDelegate.swift; sourceTree = "<group>"; };
		D359BF5329D228E100E2DB80 /* ViewController.swift */ = {isa = PBXFileReference; lastKnownFileType = sourcecode.swift; path = ViewController.swift; sourceTree = "<group>"; };
		D359BF5629D228E100E2DB80 /* Base */ = {isa = PBXFileReference; lastKnownFileType = file.storyboard; name = Base; path = Base.lproj/Main.storyboard; sourceTree = "<group>"; };
		D359BF5829D228E200E2DB80 /* Assets.xcassets */ = {isa = PBXFileReference; lastKnownFileType = folder.assetcatalog; path = Assets.xcassets; sourceTree = "<group>"; };
		D359BF5B29D228E200E2DB80 /* Base */ = {isa = PBXFileReference; lastKnownFileType = file.storyboard; name = Base; path = Base.lproj/LaunchScreen.storyboard; sourceTree = "<group>"; };
		D359BF5D29D228E200E2DB80 /* Info.plist */ = {isa = PBXFileReference; lastKnownFileType = text.plist.xml; path = Info.plist; sourceTree = "<group>"; };
		D3685F0429E579F70043A3F0 /* FeedCell.swift */ = {isa = PBXFileReference; lastKnownFileType = sourcecode.swift; path = FeedCell.swift; sourceTree = "<group>"; };
		D39AF5C429D233FC00E14AA0 /* GoogleService-Info.plist */ = {isa = PBXFileReference; fileEncoding = 4; lastKnownFileType = text.plist.xml; path = "GoogleService-Info.plist"; sourceTree = "<group>"; };
/* End PBXFileReference section */

/* Begin PBXFrameworksBuildPhase section */
		D359BF4929D228E100E2DB80 /* Frameworks */ = {
			isa = PBXFrameworksBuildPhase;
			buildActionMask = 2147483647;
			files = (
				D3FE30F129E0ACC900279758 /* FirebaseDatabase in Frameworks */,
				D3FE30FF29E0ACC900279758 /* FirebaseFunctionsCombine-Community in Frameworks */,
				D3FE30F729E0ACC900279758 /* FirebaseFirestore in Frameworks */,
				D3FE30E329E0ACC900279758 /* FirebaseAnalyticsSwift in Frameworks */,
				D3FE30DF29E0ACC900279758 /* FirebaseAnalytics in Frameworks */,
				D3FE30E129E0ACC900279758 /* FirebaseAnalyticsOnDeviceConversion in Frameworks */,
				D3FE310729E0ACC900279758 /* FirebaseMLModelDownloader in Frameworks */,
				D3FE30FB29E0ACC900279758 /* FirebaseFirestoreSwift in Frameworks */,
				D3FE30E729E0ACC900279758 /* FirebaseAppCheck in Frameworks */,
				D3FE30E529E0ACC900279758 /* FirebaseAnalyticsWithoutAdIdSupport in Frameworks */,
				D3FE30EB29E0ACC900279758 /* FirebaseAuth in Frameworks */,
				D3FE30EF29E0ACC900279758 /* FirebaseCrashlytics in Frameworks */,
				D3FE310F29E0ACC900279758 /* FirebaseRemoteConfigSwift in Frameworks */,
				D3FE310129E0ACC900279758 /* FirebaseInAppMessaging-Beta in Frameworks */,
				D3FE30F329E0ACC900279758 /* FirebaseDatabaseSwift in Frameworks */,
				D3FE30FD29E0ACC900279758 /* FirebaseFunctions in Frameworks */,
				D3FE311329E0ACC900279758 /* FirebaseStorageCombine-Community in Frameworks */,
				D3FE310D29E0ACC900279758 /* FirebaseRemoteConfig in Frameworks */,
				D3FE30E929E0ACC900279758 /* FirebaseAppDistribution-Beta in Frameworks */,
				D3FE30ED29E0ACC900279758 /* FirebaseAuthCombine-Community in Frameworks */,
				D3FE310B29E0ACC900279758 /* FirebasePerformance in Frameworks */,
				D3FE310329E0ACC900279758 /* FirebaseInAppMessagingSwift-Beta in Frameworks */,
				D3FE311129E0ACC900279758 /* FirebaseStorage in Frameworks */,
				D3FE30F529E0ACC900279758 /* FirebaseDynamicLinks in Frameworks */,
				D3FE30F929E0ACC900279758 /* FirebaseFirestoreCombine-Community in Frameworks */,
				D3FE310929E0ACC900279758 /* FirebaseMessaging in Frameworks */,
				D3FE310529E0ACC900279758 /* FirebaseInstallations in Frameworks */,
			);
			runOnlyForDeploymentPostprocessing = 0;
		};
/* End PBXFrameworksBuildPhase section */

/* Begin PBXGroup section */
		D359BF4329D228E100E2DB80 = {
			isa = PBXGroup;
			children = (
				D359BF4E29D228E100E2DB80 /* InstaCloneApp */,
				D359BF4D29D228E100E2DB80 /* Products */,
			);
			sourceTree = "<group>";
		};
		D359BF4D29D228E100E2DB80 /* Products */ = {
			isa = PBXGroup;
			children = (
				D359BF4C29D228E100E2DB80 /* InstaCloneApp.app */,
			);
			name = Products;
			sourceTree = "<group>";
		};
		D359BF4E29D228E100E2DB80 /* InstaCloneApp */ = {
			isa = PBXGroup;
			children = (
				D359BF4F29D228E100E2DB80 /* AppDelegate.swift */,
				D359BF5129D228E100E2DB80 /* SceneDelegate.swift */,
				D359BF5329D228E100E2DB80 /* ViewController.swift */,
				D32E85C029D2B7E800F67C23 /* UploadViewController.swift */,
				D32E85BE29D2B7D000F67C23 /* SettingsViewController.swift */,
				D32E85BC29D2B7C100F67C23 /* FeedViewController.swift */,
				D3685F0429E579F70043A3F0 /* FeedCell.swift */,
				D359BF5529D228E100E2DB80 /* Main.storyboard */,
				D359BF5829D228E200E2DB80 /* Assets.xcassets */,
				D359BF5A29D228E200E2DB80 /* LaunchScreen.storyboard */,
				D359BF5D29D228E200E2DB80 /* Info.plist */,
				D39AF5C429D233FC00E14AA0 /* GoogleService-Info.plist */,
			);
			path = InstaCloneApp;
			sourceTree = "<group>";
		};
/* End PBXGroup section */

/* Begin PBXNativeTarget section */
		D359BF4B29D228E100E2DB80 /* InstaCloneApp */ = {
			isa = PBXNativeTarget;
			buildConfigurationList = D359BF6029D228E200E2DB80 /* Build configuration list for PBXNativeTarget "InstaCloneApp" */;
			buildPhases = (
				D359BF4829D228E100E2DB80 /* Sources */,
				D359BF4929D228E100E2DB80 /* Frameworks */,
				D359BF4A29D228E100E2DB80 /* Resources */,
			);
			buildRules = (
			);
			dependencies = (
			);
			name = InstaCloneApp;
			packageProductDependencies = (
				D3FE30DE29E0ACC900279758 /* FirebaseAnalytics */,
				D3FE30E029E0ACC900279758 /* FirebaseAnalyticsOnDeviceConversion */,
				D3FE30E229E0ACC900279758 /* FirebaseAnalyticsSwift */,
				D3FE30E429E0ACC900279758 /* FirebaseAnalyticsWithoutAdIdSupport */,
				D3FE30E629E0ACC900279758 /* FirebaseAppCheck */,
				D3FE30E829E0ACC900279758 /* FirebaseAppDistribution-Beta */,
				D3FE30EA29E0ACC900279758 /* FirebaseAuth */,
				D3FE30EC29E0ACC900279758 /* FirebaseAuthCombine-Community */,
				D3FE30EE29E0ACC900279758 /* FirebaseCrashlytics */,
				D3FE30F029E0ACC900279758 /* FirebaseDatabase */,
				D3FE30F229E0ACC900279758 /* FirebaseDatabaseSwift */,
				D3FE30F429E0ACC900279758 /* FirebaseDynamicLinks */,
				D3FE30F629E0ACC900279758 /* FirebaseFirestore */,
				D3FE30F829E0ACC900279758 /* FirebaseFirestoreCombine-Community */,
				D3FE30FA29E0ACC900279758 /* FirebaseFirestoreSwift */,
				D3FE30FC29E0ACC900279758 /* FirebaseFunctions */,
				D3FE30FE29E0ACC900279758 /* FirebaseFunctionsCombine-Community */,
				D3FE310029E0ACC900279758 /* FirebaseInAppMessaging-Beta */,
				D3FE310229E0ACC900279758 /* FirebaseInAppMessagingSwift-Beta */,
				D3FE310429E0ACC900279758 /* FirebaseInstallations */,
				D3FE310629E0ACC900279758 /* FirebaseMLModelDownloader */,
				D3FE310829E0ACC900279758 /* FirebaseMessaging */,
				D3FE310A29E0ACC900279758 /* FirebasePerformance */,
				D3FE310C29E0ACC900279758 /* FirebaseRemoteConfig */,
				D3FE310E29E0ACC900279758 /* FirebaseRemoteConfigSwift */,
				D3FE311029E0ACC900279758 /* FirebaseStorage */,
				D3FE311229E0ACC900279758 /* FirebaseStorageCombine-Community */,
			);
			productName = InstaCloneApp;
			productReference = D359BF4C29D228E100E2DB80 /* InstaCloneApp.app */;
			productType = "com.apple.product-type.application";
		};
/* End PBXNativeTarget section */

/* Begin PBXProject section */
		D359BF4429D228E100E2DB80 /* Project object */ = {
			isa = PBXProject;
			attributes = {
				BuildIndependentTargetsInParallel = 1;
				LastSwiftUpdateCheck = 1420;
				LastUpgradeCheck = 1420;
				TargetAttributes = {
					D359BF4B29D228E100E2DB80 = {
						CreatedOnToolsVersion = 14.2;
					};
				};
			};
			buildConfigurationList = D359BF4729D228E100E2DB80 /* Build configuration list for PBXProject "InstaCloneApp" */;
			compatibilityVersion = "Xcode 14.0";
			developmentRegion = en;
			hasScannedForEncodings = 0;
			knownRegions = (
				en,
				Base,
			);
			mainGroup = D359BF4329D228E100E2DB80;
			packageReferences = (
				D3FE30DD29E0ACC900279758 /* XCRemoteSwiftPackageReference "firebase-ios-sdk" */,
			);
			productRefGroup = D359BF4D29D228E100E2DB80 /* Products */;
			projectDirPath = "";
			projectRoot = "";
			targets = (
				D359BF4B29D228E100E2DB80 /* InstaCloneApp */,
			);
		};
/* End PBXProject section */

/* Begin PBXResourcesBuildPhase section */
		D359BF4A29D228E100E2DB80 /* Resources */ = {
			isa = PBXResourcesBuildPhase;
			buildActionMask = 2147483647;
			files = (
				D359BF5C29D228E200E2DB80 /* LaunchScreen.storyboard in Resources */,
				D39AF5C529D233FC00E14AA0 /* GoogleService-Info.plist in Resources */,
				D359BF5929D228E200E2DB80 /* Assets.xcassets in Resources */,
				D359BF5729D228E100E2DB80 /* Main.storyboard in Resources */,
			);
			runOnlyForDeploymentPostprocessing = 0;
		};
/* End PBXResourcesBuildPhase section */

/* Begin PBXSourcesBuildPhase section */
		D359BF4829D228E100E2DB80 /* Sources */ = {
			isa = PBXSourcesBuildPhase;
			buildActionMask = 2147483647;
			files = (
				D3685F0529E579F70043A3F0 /* FeedCell.swift in Sources */,
				D359BF5429D228E100E2DB80 /* ViewController.swift in Sources */,
				D32E85C129D2B7E800F67C23 /* UploadViewController.swift in Sources */,
				D359BF5029D228E100E2DB80 /* AppDelegate.swift in Sources */,
				D32E85BD29D2B7C100F67C23 /* FeedViewController.swift in Sources */,
				D32E85BF29D2B7D000F67C23 /* SettingsViewController.swift in Sources */,
				D359BF5229D228E100E2DB80 /* SceneDelegate.swift in Sources */,
			);
			runOnlyForDeploymentPostprocessing = 0;
		};
/* End PBXSourcesBuildPhase section */

/* Begin PBXVariantGroup section */
		D359BF5529D228E100E2DB80 /* Main.storyboard */ = {
			isa = PBXVariantGroup;
			children = (
				D359BF5629D228E100E2DB80 /* Base */,
			);
			name = Main.storyboard;
			sourceTree = "<group>";
		};
		D359BF5A29D228E200E2DB80 /* LaunchScreen.storyboard */ = {
			isa = PBXVariantGroup;
			children = (
				D359BF5B29D228E200E2DB80 /* Base */,
			);
			name = LaunchScreen.storyboard;
			sourceTree = "<group>";
		};
/* End PBXVariantGroup section */

/* Begin XCBuildConfiguration section */
		D359BF5E29D228E200E2DB80 /* Debug */ = {
			isa = XCBuildConfiguration;
			buildSettings = {
				ALWAYS_SEARCH_USER_PATHS = NO;
				CLANG_ANALYZER_NONNULL = YES;
				CLANG_ANALYZER_NUMBER_OBJECT_CONVERSION = YES_AGGRESSIVE;
				CLANG_CXX_LANGUAGE_STANDARD = "gnu++20";
				CLANG_ENABLE_MODULES = YES;
				CLANG_ENABLE_OBJC_ARC = YES;
				CLANG_ENABLE_OBJC_WEAK = YES;
				CLANG_WARN_BLOCK_CAPTURE_AUTORELEASING = YES;
				CLANG_WARN_BOOL_CONVERSION = YES;
				CLANG_WARN_COMMA = YES;
				CLANG_WARN_CONSTANT_CONVERSION = YES;
				CLANG_WARN_DEPRECATED_OBJC_IMPLEMENTATIONS = YES;
				CLANG_WARN_DIRECT_OBJC_ISA_USAGE = YES_ERROR;
				CLANG_WARN_DOCUMENTATION_COMMENTS = YES;
				CLANG_WARN_EMPTY_BODY = YES;
				CLANG_WARN_ENUM_CONVERSION = YES;
				CLANG_WARN_INFINITE_RECURSION = YES;
				CLANG_WARN_INT_CONVERSION = YES;
				CLANG_WARN_NON_LITERAL_NULL_CONVERSION = YES;
				CLANG_WARN_OBJC_IMPLICIT_RETAIN_SELF = YES;
				CLANG_WARN_OBJC_LITERAL_CONVERSION = YES;
				CLANG_WARN_OBJC_ROOT_CLASS = YES_ERROR;
				CLANG_WARN_QUOTED_INCLUDE_IN_FRAMEWORK_HEADER = YES;
				CLANG_WARN_RANGE_LOOP_ANALYSIS = YES;
				CLANG_WARN_STRICT_PROTOTYPES = YES;
				CLANG_WARN_SUSPICIOUS_MOVE = YES;
				CLANG_WARN_UNGUARDED_AVAILABILITY = YES_AGGRESSIVE;
				CLANG_WARN_UNREACHABLE_CODE = YES;
				CLANG_WARN__DUPLICATE_METHOD_MATCH = YES;
				COPY_PHASE_STRIP = NO;
				DEBUG_INFORMATION_FORMAT = dwarf;
				ENABLE_STRICT_OBJC_MSGSEND = YES;
				ENABLE_TESTABILITY = YES;
				GCC_C_LANGUAGE_STANDARD = gnu11;
				GCC_DYNAMIC_NO_PIC = NO;
				GCC_NO_COMMON_BLOCKS = YES;
				GCC_OPTIMIZATION_LEVEL = 0;
				GCC_PREPROCESSOR_DEFINITIONS = (
					"DEBUG=1",
					"$(inherited)",
				);
				GCC_WARN_64_TO_32_BIT_CONVERSION = YES;
				GCC_WARN_ABOUT_RETURN_TYPE = YES_ERROR;
				GCC_WARN_UNDECLARED_SELECTOR = YES;
				GCC_WARN_UNINITIALIZED_AUTOS = YES_AGGRESSIVE;
				GCC_WARN_UNUSED_FUNCTION = YES;
				GCC_WARN_UNUSED_VARIABLE = YES;
				IPHONEOS_DEPLOYMENT_TARGET = 16.2;
				MTL_ENABLE_DEBUG_INFO = INCLUDE_SOURCE;
				MTL_FAST_MATH = YES;
				ONLY_ACTIVE_ARCH = YES;
				SDKROOT = iphoneos;
				SWIFT_ACTIVE_COMPILATION_CONDITIONS = DEBUG;
				SWIFT_OPTIMIZATION_LEVEL = "-Onone";
			};
			name = Debug;
		};
		D359BF5F29D228E200E2DB80 /* Release */ = {
			isa = XCBuildConfiguration;
			buildSettings = {
				ALWAYS_SEARCH_USER_PATHS = NO;
				CLANG_ANALYZER_NONNULL = YES;
				CLANG_ANALYZER_NUMBER_OBJECT_CONVERSION = YES_AGGRESSIVE;
				CLANG_CXX_LANGUAGE_STANDARD = "gnu++20";
				CLANG_ENABLE_MODULES = YES;
				CLANG_ENABLE_OBJC_ARC = YES;
				CLANG_ENABLE_OBJC_WEAK = YES;
				CLANG_WARN_BLOCK_CAPTURE_AUTORELEASING = YES;
				CLANG_WARN_BOOL_CONVERSION = YES;
				CLANG_WARN_COMMA = YES;
				CLANG_WARN_CONSTANT_CONVERSION = YES;
				CLANG_WARN_DEPRECATED_OBJC_IMPLEMENTATIONS = YES;
				CLANG_WARN_DIRECT_OBJC_ISA_USAGE = YES_ERROR;
				CLANG_WARN_DOCUMENTATION_COMMENTS = YES;
				CLANG_WARN_EMPTY_BODY = YES;
				CLANG_WARN_ENUM_CONVERSION = YES;
				CLANG_WARN_INFINITE_RECURSION = YES;
				CLANG_WARN_INT_CONVERSION = YES;
				CLANG_WARN_NON_LITERAL_NULL_CONVERSION = YES;
				CLANG_WARN_OBJC_IMPLICIT_RETAIN_SELF = YES;
				CLANG_WARN_OBJC_LITERAL_CONVERSION = YES;
				CLANG_WARN_OBJC_ROOT_CLASS = YES_ERROR;
				CLANG_WARN_QUOTED_INCLUDE_IN_FRAMEWORK_HEADER = YES;
				CLANG_WARN_RANGE_LOOP_ANALYSIS = YES;
				CLANG_WARN_STRICT_PROTOTYPES = YES;
				CLANG_WARN_SUSPICIOUS_MOVE = YES;
				CLANG_WARN_UNGUARDED_AVAILABILITY = YES_AGGRESSIVE;
				CLANG_WARN_UNREACHABLE_CODE = YES;
				CLANG_WARN__DUPLICATE_METHOD_MATCH = YES;
				COPY_PHASE_STRIP = NO;
				DEBUG_INFORMATION_FORMAT = "dwarf-with-dsym";
				ENABLE_NS_ASSERTIONS = NO;
				ENABLE_STRICT_OBJC_MSGSEND = YES;
				GCC_C_LANGUAGE_STANDARD = gnu11;
				GCC_NO_COMMON_BLOCKS = YES;
				GCC_WARN_64_TO_32_BIT_CONVERSION = YES;
				GCC_WARN_ABOUT_RETURN_TYPE = YES_ERROR;
				GCC_WARN_UNDECLARED_SELECTOR = YES;
				GCC_WARN_UNINITIALIZED_AUTOS = YES_AGGRESSIVE;
				GCC_WARN_UNUSED_FUNCTION = YES;
				GCC_WARN_UNUSED_VARIABLE = YES;
				IPHONEOS_DEPLOYMENT_TARGET = 16.2;
				MTL_ENABLE_DEBUG_INFO = NO;
				MTL_FAST_MATH = YES;
				SDKROOT = iphoneos;
				SWIFT_COMPILATION_MODE = wholemodule;
				SWIFT_OPTIMIZATION_LEVEL = "-O";
				VALIDATE_PRODUCT = YES;
			};
			name = Release;
		};
		D359BF6129D228E200E2DB80 /* Debug */ = {
			isa = XCBuildConfiguration;
			buildSettings = {
				ASSETCATALOG_COMPILER_APPICON_NAME = AppIcon;
				ASSETCATALOG_COMPILER_GLOBAL_ACCENT_COLOR_NAME = AccentColor;
				CODE_SIGN_STYLE = Automatic;
				CURRENT_PROJECT_VERSION = 1;
				DEVELOPMENT_TEAM = 626Z9N6MMT;
				GENERATE_INFOPLIST_FILE = YES;
				INFOPLIST_FILE = InstaCloneApp/Info.plist;
				INFOPLIST_KEY_CFBundleDisplayName = "Instagram Clone";
				INFOPLIST_KEY_UIApplicationSupportsIndirectInputEvents = YES;
				INFOPLIST_KEY_UILaunchStoryboardName = LaunchScreen;
				INFOPLIST_KEY_UIMainStoryboardFile = Main;
				INFOPLIST_KEY_UISupportedInterfaceOrientations_iPad = "UIInterfaceOrientationPortrait UIInterfaceOrientationPortraitUpsideDown UIInterfaceOrientationLandscapeLeft UIInterfaceOrientationLandscapeRight";
				INFOPLIST_KEY_UISupportedInterfaceOrientations_iPhone = "UIInterfaceOrientationPortrait UIInterfaceOrientationLandscapeLeft UIInterfaceOrientationLandscapeRight";
				LD_RUNPATH_SEARCH_PATHS = (
					"$(inherited)",
					"@executable_path/Frameworks",
				);
				MARKETING_VERSION = 1.0;
				PRODUCT_BUNDLE_IDENTIFIER = com.mehmetsukrukavak.InstaCloneApp;
				PRODUCT_NAME = "$(TARGET_NAME)";
				SWIFT_EMIT_LOC_STRINGS = YES;
				SWIFT_VERSION = 5.0;
				TARGETED_DEVICE_FAMILY = "1,2";
			};
			name = Debug;
		};
		D359BF6229D228E200E2DB80 /* Release */ = {
			isa = XCBuildConfiguration;
			buildSettings = {
				ASSETCATALOG_COMPILER_APPICON_NAME = AppIcon;
				ASSETCATALOG_COMPILER_GLOBAL_ACCENT_COLOR_NAME = AccentColor;
				CODE_SIGN_STYLE = Automatic;
				CURRENT_PROJECT_VERSION = 1;
				DEVELOPMENT_TEAM = 626Z9N6MMT;
				GENERATE_INFOPLIST_FILE = YES;
				INFOPLIST_FILE = InstaCloneApp/Info.plist;
				INFOPLIST_KEY_CFBundleDisplayName = "Instagram Clone";
				INFOPLIST_KEY_UIApplicationSupportsIndirectInputEvents = YES;
				INFOPLIST_KEY_UILaunchStoryboardName = LaunchScreen;
				INFOPLIST_KEY_UIMainStoryboardFile = Main;
				INFOPLIST_KEY_UISupportedInterfaceOrientations_iPad = "UIInterfaceOrientationPortrait UIInterfaceOrientationPortraitUpsideDown UIInterfaceOrientationLandscapeLeft UIInterfaceOrientationLandscapeRight";
				INFOPLIST_KEY_UISupportedInterfaceOrientations_iPhone = "UIInterfaceOrientationPortrait UIInterfaceOrientationLandscapeLeft UIInterfaceOrientationLandscapeRight";
				LD_RUNPATH_SEARCH_PATHS = (
					"$(inherited)",
					"@executable_path/Frameworks",
				);
				MARKETING_VERSION = 1.0;
				PRODUCT_BUNDLE_IDENTIFIER = com.mehmetsukrukavak.InstaCloneApp;
				PRODUCT_NAME = "$(TARGET_NAME)";
				SWIFT_EMIT_LOC_STRINGS = YES;
				SWIFT_VERSION = 5.0;
				TARGETED_DEVICE_FAMILY = "1,2";
			};
			name = Release;
		};
/* End XCBuildConfiguration section */

/* Begin XCConfigurationList section */
		D359BF4729D228E100E2DB80 /* Build configuration list for PBXProject "InstaCloneApp" */ = {
			isa = XCConfigurationList;
			buildConfigurations = (
				D359BF5E29D228E200E2DB80 /* Debug */,
				D359BF5F29D228E200E2DB80 /* Release */,
			);
			defaultConfigurationIsVisible = 0;
			defaultConfigurationName = Release;
		};
		D359BF6029D228E200E2DB80 /* Build configuration list for PBXNativeTarget "InstaCloneApp" */ = {
			isa = XCConfigurationList;
			buildConfigurations = (
				D359BF6129D228E200E2DB80 /* Debug */,
				D359BF6229D228E200E2DB80 /* Release */,
			);
			defaultConfigurationIsVisible = 0;
			defaultConfigurationName = Release;
		};
/* End XCConfigurationList section */

/* Begin XCRemoteSwiftPackageReference section */
		D3FE30DD29E0ACC900279758 /* XCRemoteSwiftPackageReference "firebase-ios-sdk" */ = {
			isa = XCRemoteSwiftPackageReference;
			repositoryURL = "https://github.com/firebase/firebase-ios-sdk";
			requirement = {
				kind = upToNextMajorVersion;
				minimumVersion = 10.0.0;
			};
		};
/* End XCRemoteSwiftPackageReference section */

/* Begin XCSwiftPackageProductDependency section */
		D3FE30DE29E0ACC900279758 /* FirebaseAnalytics */ = {
			isa = XCSwiftPackageProductDependency;
			package = D3FE30DD29E0ACC900279758 /* XCRemoteSwiftPackageReference "firebase-ios-sdk" */;
			productName = FirebaseAnalytics;
		};
		D3FE30E029E0ACC900279758 /* FirebaseAnalyticsOnDeviceConversion */ = {
			isa = XCSwiftPackageProductDependency;
			package = D3FE30DD29E0ACC900279758 /* XCRemoteSwiftPackageReference "firebase-ios-sdk" */;
			productName = FirebaseAnalyticsOnDeviceConversion;
		};
		D3FE30E229E0ACC900279758 /* FirebaseAnalyticsSwift */ = {
			isa = XCSwiftPackageProductDependency;
			package = D3FE30DD29E0ACC900279758 /* XCRemoteSwiftPackageReference "firebase-ios-sdk" */;
			productName = FirebaseAnalyticsSwift;
		};
		D3FE30E429E0ACC900279758 /* FirebaseAnalyticsWithoutAdIdSupport */ = {
			isa = XCSwiftPackageProductDependency;
			package = D3FE30DD29E0ACC900279758 /* XCRemoteSwiftPackageReference "firebase-ios-sdk" */;
			productName = FirebaseAnalyticsWithoutAdIdSupport;
		};
		D3FE30E629E0ACC900279758 /* FirebaseAppCheck */ = {
			isa = XCSwiftPackageProductDependency;
			package = D3FE30DD29E0ACC900279758 /* XCRemoteSwiftPackageReference "firebase-ios-sdk" */;
			productName = FirebaseAppCheck;
		};
		D3FE30E829E0ACC900279758 /* FirebaseAppDistribution-Beta */ = {
			isa = XCSwiftPackageProductDependency;
			package = D3FE30DD29E0ACC900279758 /* XCRemoteSwiftPackageReference "firebase-ios-sdk" */;
			productName = "FirebaseAppDistribution-Beta";
		};
		D3FE30EA29E0ACC900279758 /* FirebaseAuth */ = {
			isa = XCSwiftPackageProductDependency;
			package = D3FE30DD29E0ACC900279758 /* XCRemoteSwiftPackageReference "firebase-ios-sdk" */;
			productName = FirebaseAuth;
		};
		D3FE30EC29E0ACC900279758 /* FirebaseAuthCombine-Community */ = {
			isa = XCSwiftPackageProductDependency;
			package = D3FE30DD29E0ACC900279758 /* XCRemoteSwiftPackageReference "firebase-ios-sdk" */;
			productName = "FirebaseAuthCombine-Community";
		};
		D3FE30EE29E0ACC900279758 /* FirebaseCrashlytics */ = {
			isa = XCSwiftPackageProductDependency;
			package = D3FE30DD29E0ACC900279758 /* XCRemoteSwiftPackageReference "firebase-ios-sdk" */;
			productName = FirebaseCrashlytics;
		};
		D3FE30F029E0ACC900279758 /* FirebaseDatabase */ = {
			isa = XCSwiftPackageProductDependency;
			package = D3FE30DD29E0ACC900279758 /* XCRemoteSwiftPackageReference "firebase-ios-sdk" */;
			productName = FirebaseDatabase;
		};
		D3FE30F229E0ACC900279758 /* FirebaseDatabaseSwift */ = {
			isa = XCSwiftPackageProductDependency;
			package = D3FE30DD29E0ACC900279758 /* XCRemoteSwiftPackageReference "firebase-ios-sdk" */;
			productName = FirebaseDatabaseSwift;
		};
		D3FE30F429E0ACC900279758 /* FirebaseDynamicLinks */ = {
			isa = XCSwiftPackageProductDependency;
			package = D3FE30DD29E0ACC900279758 /* XCRemoteSwiftPackageReference "firebase-ios-sdk" */;
			productName = FirebaseDynamicLinks;
		};
		D3FE30F629E0ACC900279758 /* FirebaseFirestore */ = {
			isa = XCSwiftPackageProductDependency;
			package = D3FE30DD29E0ACC900279758 /* XCRemoteSwiftPackageReference "firebase-ios-sdk" */;
			productName = FirebaseFirestore;
		};
		D3FE30F829E0ACC900279758 /* FirebaseFirestoreCombine-Community */ = {
			isa = XCSwiftPackageProductDependency;
			package = D3FE30DD29E0ACC900279758 /* XCRemoteSwiftPackageReference "firebase-ios-sdk" */;
			productName = "FirebaseFirestoreCombine-Community";
		};
		D3FE30FA29E0ACC900279758 /* FirebaseFirestoreSwift */ = {
			isa = XCSwiftPackageProductDependency;
			package = D3FE30DD29E0ACC900279758 /* XCRemoteSwiftPackageReference "firebase-ios-sdk" */;
			productName = FirebaseFirestoreSwift;
		};
		D3FE30FC29E0ACC900279758 /* FirebaseFunctions */ = {
			isa = XCSwiftPackageProductDependency;
			package = D3FE30DD29E0ACC900279758 /* XCRemoteSwiftPackageReference "firebase-ios-sdk" */;
			productName = FirebaseFunctions;
		};
		D3FE30FE29E0ACC900279758 /* FirebaseFunctionsCombine-Community */ = {
			isa = XCSwiftPackageProductDependency;
			package = D3FE30DD29E0ACC900279758 /* XCRemoteSwiftPackageReference "firebase-ios-sdk" */;
			productName = "FirebaseFunctionsCombine-Community";
		};
		D3FE310029E0ACC900279758 /* FirebaseInAppMessaging-Beta */ = {
			isa = XCSwiftPackageProductDependency;
			package = D3FE30DD29E0ACC900279758 /* XCRemoteSwiftPackageReference "firebase-ios-sdk" */;
			productName = "FirebaseInAppMessaging-Beta";
		};
		D3FE310229E0ACC900279758 /* FirebaseInAppMessagingSwift-Beta */ = {
			isa = XCSwiftPackageProductDependency;
			package = D3FE30DD29E0ACC900279758 /* XCRemoteSwiftPackageReference "firebase-ios-sdk" */;
			productName = "FirebaseInAppMessagingSwift-Beta";
		};
		D3FE310429E0ACC900279758 /* FirebaseInstallations */ = {
			isa = XCSwiftPackageProductDependency;
			package = D3FE30DD29E0ACC900279758 /* XCRemoteSwiftPackageReference "firebase-ios-sdk" */;
			productName = FirebaseInstallations;
		};
		D3FE310629E0ACC900279758 /* FirebaseMLModelDownloader */ = {
			isa = XCSwiftPackageProductDependency;
			package = D3FE30DD29E0ACC900279758 /* XCRemoteSwiftPackageReference "firebase-ios-sdk" */;
			productName = FirebaseMLModelDownloader;
		};
		D3FE310829E0ACC900279758 /* FirebaseMessaging */ = {
			isa = XCSwiftPackageProductDependency;
			package = D3FE30DD29E0ACC900279758 /* XCRemoteSwiftPackageReference "firebase-ios-sdk" */;
			productName = FirebaseMessaging;
		};
		D3FE310A29E0ACC900279758 /* FirebasePerformance */ = {
			isa = XCSwiftPackageProductDependency;
			package = D3FE30DD29E0ACC900279758 /* XCRemoteSwiftPackageReference "firebase-ios-sdk" */;
			productName = FirebasePerformance;
		};
		D3FE310C29E0ACC900279758 /* FirebaseRemoteConfig */ = {
			isa = XCSwiftPackageProductDependency;
			package = D3FE30DD29E0ACC900279758 /* XCRemoteSwiftPackageReference "firebase-ios-sdk" */;
			productName = FirebaseRemoteConfig;
		};
		D3FE310E29E0ACC900279758 /* FirebaseRemoteConfigSwift */ = {
			isa = XCSwiftPackageProductDependency;
			package = D3FE30DD29E0ACC900279758 /* XCRemoteSwiftPackageReference "firebase-ios-sdk" */;
			productName = FirebaseRemoteConfigSwift;
		};
		D3FE311029E0ACC900279758 /* FirebaseStorage */ = {
			isa = XCSwiftPackageProductDependency;
			package = D3FE30DD29E0ACC900279758 /* XCRemoteSwiftPackageReference "firebase-ios-sdk" */;
			productName = FirebaseStorage;
		};
		D3FE311229E0ACC900279758 /* FirebaseStorageCombine-Community */ = {
			isa = XCSwiftPackageProductDependency;
			package = D3FE30DD29E0ACC900279758 /* XCRemoteSwiftPackageReference "firebase-ios-sdk" */;
			productName = "FirebaseStorageCombine-Community";
		};
/* End XCSwiftPackageProductDependency section */
	};
	rootObject = D359BF4429D228E100E2DB80 /* Project object */;
}
